// !$*UTF8*$!
{
	archiveVersion = 1;
	classes = {
	};
	objectVersion = 77;
	objects = {

/* Begin PBXBuildFile section */
		6B8F68262CDB08220036B936 /* FirebaseCore in Frameworks */ = {isa = PBXBuildFile; productRef = 6B8F68252CDB08220036B936 /* FirebaseCore */; };
		6B8F68282CDB08220036B936 /* FirebaseDatabase in Frameworks */ = {isa = PBXBuildFile; productRef = 6B8F68272CDB08220036B936 /* FirebaseDatabase */; };
		6B8F682A2CDB08220036B936 /* FirebaseFirestore in Frameworks */ = {isa = PBXBuildFile; productRef = 6B8F68292CDB08220036B936 /* FirebaseFirestore */; };
		6B8F682C2CDB08220036B936 /* FirebaseFirestoreCombine-Community in Frameworks */ = {isa = PBXBuildFile; productRef = 6B8F682B2CDB08220036B936 /* FirebaseFirestoreCombine-Community */; };
		6B8F682E2CDB08220036B936 /* FirebaseStorage in Frameworks */ = {isa = PBXBuildFile; productRef = 6B8F682D2CDB08220036B936 /* FirebaseStorage */; };
		6B8F68302CDB08220036B936 /* FirebaseStorageCombine-Community in Frameworks */ = {isa = PBXBuildFile; productRef = 6B8F682F2CDB08220036B936 /* FirebaseStorageCombine-Community */; };
		CCACF0C22CF468F400AE5BC1 /* FirebaseAuth in Frameworks */ = {isa = PBXBuildFile; productRef = CCACF0C12CF468F400AE5BC1 /* FirebaseAuth */; };
/* End PBXBuildFile section */

/* Begin PBXContainerItemProxy section */
		CC0F1A332CDA671F00562085 /* PBXContainerItemProxy */ = {
			isa = PBXContainerItemProxy;
			containerPortal = CC0F1A192CDA671E00562085 /* Project object */;
			proxyType = 1;
			remoteGlobalIDString = CC0F1A202CDA671E00562085;
			remoteInfo = AsyncC;
		};
		CC0F1A3D2CDA671F00562085 /* PBXContainerItemProxy */ = {
			isa = PBXContainerItemProxy;
			containerPortal = CC0F1A192CDA671E00562085 /* Project object */;
			proxyType = 1;
			remoteGlobalIDString = CC0F1A202CDA671E00562085;
			remoteInfo = AsyncC;
		};
/* End PBXContainerItemProxy section */

/* Begin PBXFileReference section */
		CC0F1A212CDA671E00562085 /* Oz.app */ = {isa = PBXFileReference; explicitFileType = wrapper.application; includeInIndex = 0; path = Oz.app; sourceTree = BUILT_PRODUCTS_DIR; };
		CC0F1A322CDA671F00562085 /* OzTests.xctest */ = {isa = PBXFileReference; explicitFileType = wrapper.cfbundle; includeInIndex = 0; path = OzTests.xctest; sourceTree = BUILT_PRODUCTS_DIR; };
		CC0F1A3C2CDA671F00562085 /* OzUITests.xctest */ = {isa = PBXFileReference; explicitFileType = wrapper.cfbundle; includeInIndex = 0; path = OzUITests.xctest; sourceTree = BUILT_PRODUCTS_DIR; };
/* End PBXFileReference section */

/* Begin PBXFileSystemSynchronizedRootGroup section */
		CC0F1A232CDA671E00562085 /* Oz */ = {
			isa = PBXFileSystemSynchronizedRootGroup;
			path = Oz;
			sourceTree = "<group>";
		};
/* End PBXFileSystemSynchronizedRootGroup section */

/* Begin PBXFrameworksBuildPhase section */
		CC0F1A1E2CDA671E00562085 /* Frameworks */ = {
			isa = PBXFrameworksBuildPhase;
			buildActionMask = 2147483647;
			files = (
				6B8F68282CDB08220036B936 /* FirebaseDatabase in Frameworks */,
				6B8F682C2CDB08220036B936 /* FirebaseFirestoreCombine-Community in Frameworks */,
				6B8F68262CDB08220036B936 /* FirebaseCore in Frameworks */,
				6B8F682E2CDB08220036B936 /* FirebaseStorage in Frameworks */,
				6B8F68302CDB08220036B936 /* FirebaseStorageCombine-Community in Frameworks */,
				CCACF0C22CF468F400AE5BC1 /* FirebaseAuth in Frameworks */,
				6B8F682A2CDB08220036B936 /* FirebaseFirestore in Frameworks */,
			);
			runOnlyForDeploymentPostprocessing = 0;
		};
		CC0F1A2F2CDA671F00562085 /* Frameworks */ = {
			isa = PBXFrameworksBuildPhase;
			buildActionMask = 2147483647;
			files = (
			);
			runOnlyForDeploymentPostprocessing = 0;
		};
		CC0F1A392CDA671F00562085 /* Frameworks */ = {
			isa = PBXFrameworksBuildPhase;
			buildActionMask = 2147483647;
			files = (
			);
			runOnlyForDeploymentPostprocessing = 0;
		};
/* End PBXFrameworksBuildPhase section */

/* Begin PBXGroup section */
		CC0F1A182CDA671E00562085 = {
			isa = PBXGroup;
			children = (
				CC0F1A232CDA671E00562085 /* Oz */,
				CCACF0C02CF468F400AE5BC1 /* Frameworks */,
				CC0F1A222CDA671E00562085 /* Products */,
			);
			sourceTree = "<group>";
		};
		CC0F1A222CDA671E00562085 /* Products */ = {
			isa = PBXGroup;
			children = (
				CC0F1A212CDA671E00562085 /* Oz.app */,
				CC0F1A322CDA671F00562085 /* OzTests.xctest */,
				CC0F1A3C2CDA671F00562085 /* OzUITests.xctest */,
			);
			name = Products;
			sourceTree = "<group>";
		};
		CCACF0C02CF468F400AE5BC1 /* Frameworks */ = {
			isa = PBXGroup;
			children = (
			);
			name = Frameworks;
			sourceTree = "<group>";
		};
/* End PBXGroup section */

/* Begin PBXNativeTarget section */
		CC0F1A202CDA671E00562085 /* Oz */ = {
			isa = PBXNativeTarget;
			buildConfigurationList = CC0F1A462CDA671F00562085 /* Build configuration list for PBXNativeTarget "Oz" */;
			buildPhases = (
				CC0F1A1D2CDA671E00562085 /* Sources */,
				CC0F1A1E2CDA671E00562085 /* Frameworks */,
				CC0F1A1F2CDA671E00562085 /* Resources */,
			);
			buildRules = (
			);
			dependencies = (
			);
			fileSystemSynchronizedGroups = (
				CC0F1A232CDA671E00562085 /* Oz */,
			);
			name = Oz;
			packageProductDependencies = (
				6B8F68252CDB08220036B936 /* FirebaseCore */,
				6B8F68272CDB08220036B936 /* FirebaseDatabase */,
				6B8F68292CDB08220036B936 /* FirebaseFirestore */,
				6B8F682B2CDB08220036B936 /* FirebaseFirestoreCombine-Community */,
				6B8F682D2CDB08220036B936 /* FirebaseStorage */,
				6B8F682F2CDB08220036B936 /* FirebaseStorageCombine-Community */,
				CCACF0C12CF468F400AE5BC1 /* FirebaseAuth */,
			);
			productName = AsyncC;
			productReference = CC0F1A212CDA671E00562085 /* Oz.app */;
			productType = "com.apple.product-type.application";
		};
		CC0F1A312CDA671F00562085 /* OzTests */ = {
			isa = PBXNativeTarget;
			buildConfigurationList = CC0F1A492CDA671F00562085 /* Build configuration list for PBXNativeTarget "OzTests" */;
			buildPhases = (
				CC0F1A2E2CDA671F00562085 /* Sources */,
				CC0F1A2F2CDA671F00562085 /* Frameworks */,
				CC0F1A302CDA671F00562085 /* Resources */,
			);
			buildRules = (
			);
			dependencies = (
				CC0F1A342CDA671F00562085 /* PBXTargetDependency */,
			);
			name = OzTests;
			packageProductDependencies = (
			);
			productName = AsyncCTests;
			productReference = CC0F1A322CDA671F00562085 /* OzTests.xctest */;
			productType = "com.apple.product-type.bundle.unit-test";
		};
		CC0F1A3B2CDA671F00562085 /* OzUITests */ = {
			isa = PBXNativeTarget;
			buildConfigurationList = CC0F1A4C2CDA671F00562085 /* Build configuration list for PBXNativeTarget "OzUITests" */;
			buildPhases = (
				CC0F1A382CDA671F00562085 /* Sources */,
				CC0F1A392CDA671F00562085 /* Frameworks */,
				CC0F1A3A2CDA671F00562085 /* Resources */,
			);
			buildRules = (
			);
			dependencies = (
				CC0F1A3E2CDA671F00562085 /* PBXTargetDependency */,
			);
			name = OzUITests;
			packageProductDependencies = (
			);
			productName = AsyncCUITests;
			productReference = CC0F1A3C2CDA671F00562085 /* OzUITests.xctest */;
			productType = "com.apple.product-type.bundle.ui-testing";
		};
/* End PBXNativeTarget section */

/* Begin PBXProject section */
		CC0F1A192CDA671E00562085 /* Project object */ = {
			isa = PBXProject;
			attributes = {
				BuildIndependentTargetsInParallel = 1;
				LastSwiftUpdateCheck = 1600;
				LastUpgradeCheck = 1600;
				TargetAttributes = {
					CC0F1A202CDA671E00562085 = {
						CreatedOnToolsVersion = 16.0;
					};
					CC0F1A312CDA671F00562085 = {
						CreatedOnToolsVersion = 16.0;
						TestTargetID = CC0F1A202CDA671E00562085;
					};
					CC0F1A3B2CDA671F00562085 = {
						CreatedOnToolsVersion = 16.0;
						TestTargetID = CC0F1A202CDA671E00562085;
					};
				};
			};
			buildConfigurationList = CC0F1A1C2CDA671E00562085 /* Build configuration list for PBXProject "Oz" */;
			developmentRegion = en;
			hasScannedForEncodings = 0;
			knownRegions = (
				en,
				Base,
			);
			mainGroup = CC0F1A182CDA671E00562085;
			minimizedProjectReferenceProxies = 1;
			packageReferences = (
				6B8F68242CDB08220036B936 /* XCRemoteSwiftPackageReference "firebase-ios-sdk" */,
			);
			preferredProjectObjectVersion = 77;
			productRefGroup = CC0F1A222CDA671E00562085 /* Products */;
			projectDirPath = "";
			projectRoot = "";
			targets = (
				CC0F1A202CDA671E00562085 /* Oz */,
				CC0F1A312CDA671F00562085 /* OzTests */,
				CC0F1A3B2CDA671F00562085 /* OzUITests */,
			);
		};
/* End PBXProject section */

/* Begin PBXResourcesBuildPhase section */
		CC0F1A1F2CDA671E00562085 /* Resources */ = {
			isa = PBXResourcesBuildPhase;
			buildActionMask = 2147483647;
			files = (
			);
			runOnlyForDeploymentPostprocessing = 0;
		};
		CC0F1A302CDA671F00562085 /* Resources */ = {
			isa = PBXResourcesBuildPhase;
			buildActionMask = 2147483647;
			files = (
			);
			runOnlyForDeploymentPostprocessing = 0;
		};
		CC0F1A3A2CDA671F00562085 /* Resources */ = {
			isa = PBXResourcesBuildPhase;
			buildActionMask = 2147483647;
			files = (
			);
			runOnlyForDeploymentPostprocessing = 0;
		};
/* End PBXResourcesBuildPhase section */

/* Begin PBXSourcesBuildPhase section */
		CC0F1A1D2CDA671E00562085 /* Sources */ = {
			isa = PBXSourcesBuildPhase;
			buildActionMask = 2147483647;
			files = (
			);
			runOnlyForDeploymentPostprocessing = 0;
		};
		CC0F1A2E2CDA671F00562085 /* Sources */ = {
			isa = PBXSourcesBuildPhase;
			buildActionMask = 2147483647;
			files = (
			);
			runOnlyForDeploymentPostprocessing = 0;
		};
		CC0F1A382CDA671F00562085 /* Sources */ = {
			isa = PBXSourcesBuildPhase;
			buildActionMask = 2147483647;
			files = (
			);
			runOnlyForDeploymentPostprocessing = 0;
		};
/* End PBXSourcesBuildPhase section */

/* Begin PBXTargetDependency section */
		CC0F1A342CDA671F00562085 /* PBXTargetDependency */ = {
			isa = PBXTargetDependency;
			target = CC0F1A202CDA671E00562085 /* Oz */;
			targetProxy = CC0F1A332CDA671F00562085 /* PBXContainerItemProxy */;
		};
		CC0F1A3E2CDA671F00562085 /* PBXTargetDependency */ = {
			isa = PBXTargetDependency;
			target = CC0F1A202CDA671E00562085 /* Oz */;
			targetProxy = CC0F1A3D2CDA671F00562085 /* PBXContainerItemProxy */;
		};
/* End PBXTargetDependency section */

/* Begin XCBuildConfiguration section */
		CC0F1A442CDA671F00562085 /* Debug */ = {
			isa = XCBuildConfiguration;
			buildSettings = {
				ALWAYS_SEARCH_USER_PATHS = NO;
				ASSETCATALOG_COMPILER_GENERATE_SWIFT_ASSET_SYMBOL_EXTENSIONS = YES;
				CLANG_ANALYZER_NONNULL = YES;
				CLANG_ANALYZER_NUMBER_OBJECT_CONVERSION = YES_AGGRESSIVE;
				CLANG_CXX_LANGUAGE_STANDARD = "gnu++20";
				CLANG_ENABLE_MODULES = YES;
				CLANG_ENABLE_OBJC_ARC = YES;
				CLANG_ENABLE_OBJC_WEAK = YES;
				CLANG_WARN_BLOCK_CAPTURE_AUTORELEASING = YES;
				CLANG_WARN_BOOL_CONVERSION = YES;
				CLANG_WARN_COMMA = YES;
				CLANG_WARN_CONSTANT_CONVERSION = YES;
				CLANG_WARN_DEPRECATED_OBJC_IMPLEMENTATIONS = YES;
				CLANG_WARN_DIRECT_OBJC_ISA_USAGE = YES_ERROR;
				CLANG_WARN_DOCUMENTATION_COMMENTS = YES;
				CLANG_WARN_EMPTY_BODY = YES;
				CLANG_WARN_ENUM_CONVERSION = YES;
				CLANG_WARN_INFINITE_RECURSION = YES;
				CLANG_WARN_INT_CONVERSION = YES;
				CLANG_WARN_NON_LITERAL_NULL_CONVERSION = YES;
				CLANG_WARN_OBJC_IMPLICIT_RETAIN_SELF = YES;
				CLANG_WARN_OBJC_LITERAL_CONVERSION = YES;
				CLANG_WARN_OBJC_ROOT_CLASS = YES_ERROR;
				CLANG_WARN_QUOTED_INCLUDE_IN_FRAMEWORK_HEADER = YES;
				CLANG_WARN_RANGE_LOOP_ANALYSIS = YES;
				CLANG_WARN_STRICT_PROTOTYPES = YES;
				CLANG_WARN_SUSPICIOUS_MOVE = YES;
				CLANG_WARN_UNGUARDED_AVAILABILITY = YES_AGGRESSIVE;
				CLANG_WARN_UNREACHABLE_CODE = YES;
				CLANG_WARN__DUPLICATE_METHOD_MATCH = YES;
				COPY_PHASE_STRIP = NO;
				DEBUG_INFORMATION_FORMAT = dwarf;
				ENABLE_STRICT_OBJC_MSGSEND = YES;
				ENABLE_TESTABILITY = YES;
				ENABLE_USER_SCRIPT_SANDBOXING = YES;
				GCC_C_LANGUAGE_STANDARD = gnu17;
				GCC_DYNAMIC_NO_PIC = NO;
				GCC_NO_COMMON_BLOCKS = YES;
				GCC_OPTIMIZATION_LEVEL = 0;
				GCC_PREPROCESSOR_DEFINITIONS = (
					"DEBUG=1",
					"$(inherited)",
				);
				GCC_WARN_64_TO_32_BIT_CONVERSION = YES;
				GCC_WARN_ABOUT_RETURN_TYPE = YES_ERROR;
				GCC_WARN_UNDECLARED_SELECTOR = YES;
				GCC_WARN_UNINITIALIZED_AUTOS = YES_AGGRESSIVE;
				GCC_WARN_UNUSED_FUNCTION = YES;
				GCC_WARN_UNUSED_VARIABLE = YES;
				LOCALIZATION_PREFERS_STRING_CATALOGS = YES;
				MACOSX_DEPLOYMENT_TARGET = 15.0;
				MTL_ENABLE_DEBUG_INFO = INCLUDE_SOURCE;
				MTL_FAST_MATH = YES;
				ONLY_ACTIVE_ARCH = YES;
				SDKROOT = macosx;
				SWIFT_ACTIVE_COMPILATION_CONDITIONS = "DEBUG $(inherited)";
				SWIFT_OPTIMIZATION_LEVEL = "-Onone";
			};
			name = Debug;
		};
		CC0F1A452CDA671F00562085 /* Release */ = {
			isa = XCBuildConfiguration;
			buildSettings = {
				ALWAYS_SEARCH_USER_PATHS = NO;
				ASSETCATALOG_COMPILER_GENERATE_SWIFT_ASSET_SYMBOL_EXTENSIONS = YES;
				CLANG_ANALYZER_NONNULL = YES;
				CLANG_ANALYZER_NUMBER_OBJECT_CONVERSION = YES_AGGRESSIVE;
				CLANG_CXX_LANGUAGE_STANDARD = "gnu++20";
				CLANG_ENABLE_MODULES = YES;
				CLANG_ENABLE_OBJC_ARC = YES;
				CLANG_ENABLE_OBJC_WEAK = YES;
				CLANG_WARN_BLOCK_CAPTURE_AUTORELEASING = YES;
				CLANG_WARN_BOOL_CONVERSION = YES;
				CLANG_WARN_COMMA = YES;
				CLANG_WARN_CONSTANT_CONVERSION = YES;
				CLANG_WARN_DEPRECATED_OBJC_IMPLEMENTATIONS = YES;
				CLANG_WARN_DIRECT_OBJC_ISA_USAGE = YES_ERROR;
				CLANG_WARN_DOCUMENTATION_COMMENTS = YES;
				CLANG_WARN_EMPTY_BODY = YES;
				CLANG_WARN_ENUM_CONVERSION = YES;
				CLANG_WARN_INFINITE_RECURSION = YES;
				CLANG_WARN_INT_CONVERSION = YES;
				CLANG_WARN_NON_LITERAL_NULL_CONVERSION = YES;
				CLANG_WARN_OBJC_IMPLICIT_RETAIN_SELF = YES;
				CLANG_WARN_OBJC_LITERAL_CONVERSION = YES;
				CLANG_WARN_OBJC_ROOT_CLASS = YES_ERROR;
				CLANG_WARN_QUOTED_INCLUDE_IN_FRAMEWORK_HEADER = YES;
				CLANG_WARN_RANGE_LOOP_ANALYSIS = YES;
				CLANG_WARN_STRICT_PROTOTYPES = YES;
				CLANG_WARN_SUSPICIOUS_MOVE = YES;
				CLANG_WARN_UNGUARDED_AVAILABILITY = YES_AGGRESSIVE;
				CLANG_WARN_UNREACHABLE_CODE = YES;
				CLANG_WARN__DUPLICATE_METHOD_MATCH = YES;
				COPY_PHASE_STRIP = NO;
				DEBUG_INFORMATION_FORMAT = "dwarf-with-dsym";
				ENABLE_NS_ASSERTIONS = NO;
				ENABLE_STRICT_OBJC_MSGSEND = YES;
				ENABLE_USER_SCRIPT_SANDBOXING = YES;
				GCC_C_LANGUAGE_STANDARD = gnu17;
				GCC_NO_COMMON_BLOCKS = YES;
				GCC_WARN_64_TO_32_BIT_CONVERSION = YES;
				GCC_WARN_ABOUT_RETURN_TYPE = YES_ERROR;
				GCC_WARN_UNDECLARED_SELECTOR = YES;
				GCC_WARN_UNINITIALIZED_AUTOS = YES_AGGRESSIVE;
				GCC_WARN_UNUSED_FUNCTION = YES;
				GCC_WARN_UNUSED_VARIABLE = YES;
				LOCALIZATION_PREFERS_STRING_CATALOGS = YES;
				MACOSX_DEPLOYMENT_TARGET = 15.0;
				MTL_ENABLE_DEBUG_INFO = NO;
				MTL_FAST_MATH = YES;
				SDKROOT = macosx;
				SWIFT_COMPILATION_MODE = wholemodule;
			};
			name = Release;
		};
		CC0F1A472CDA671F00562085 /* Debug */ = {
			isa = XCBuildConfiguration;
			buildSettings = {
				ASSETCATALOG_COMPILER_APPICON_NAME = AppIcon;
				ASSETCATALOG_COMPILER_GLOBAL_ACCENT_COLOR_NAME = AccentColor;
				CODE_SIGN_ENTITLEMENTS = Oz/OzRelease.entitlements;
				CODE_SIGN_IDENTITY = "Apple Development";
				"CODE_SIGN_IDENTITY[sdk=macosx*]" = "Mac Developer";
				CODE_SIGN_STYLE = Manual;
				COMBINE_HIDPI_IMAGES = YES;
				CURRENT_PROJECT_VERSION = 20250111;
				DEVELOPMENT_ASSET_PATHS = "\"Oz/Preview Content\"";
				DEVELOPMENT_TEAM = "";
				"DEVELOPMENT_TEAM[sdk=macosx*]" = GKWM8Q6TMS;
				ENABLE_HARDENED_RUNTIME = YES;
				ENABLE_PREVIEWS = YES;
				GENERATE_INFOPLIST_FILE = YES;
				INFOPLIST_KEY_CFBundleDisplayName = Oz;
				INFOPLIST_KEY_LSApplicationCategoryType = "public.app-category.productivity";
				INFOPLIST_KEY_LSUIElement = NO;
				INFOPLIST_KEY_NSHumanReadableCopyright = "";
				LD_RUNPATH_SEARCH_PATHS = (
					"$(inherited)",
					"@executable_path/../Frameworks",
				);
				MARKETING_VERSION = 1.1.0;
				PRODUCT_BUNDLE_IDENTIFIER = com.PohangEgrets.AsyncC;
				PRODUCT_NAME = "$(TARGET_NAME)";
				PROVISIONING_PROFILE_SPECIFIER = "";
				"PROVISIONING_PROFILE_SPECIFIER[sdk=macosx*]" = "Sync Develop";
				SWIFT_EMIT_LOC_STRINGS = YES;
				SWIFT_VERSION = 5.0;
			};
			name = Debug;
		};
		CC0F1A482CDA671F00562085 /* Release */ = {
			isa = XCBuildConfiguration;
			buildSettings = {
				ASSETCATALOG_COMPILER_APPICON_NAME = AppIcon;
				ASSETCATALOG_COMPILER_GLOBAL_ACCENT_COLOR_NAME = AccentColor;
				CODE_SIGN_ENTITLEMENTS = Oz/OzRelease.entitlements;
				CODE_SIGN_IDENTITY = "Apple Development";
				"CODE_SIGN_IDENTITY[sdk=macosx*]" = "Mac Developer";
				CODE_SIGN_STYLE = Manual;
				COMBINE_HIDPI_IMAGES = YES;
				CURRENT_PROJECT_VERSION = 20250111;
				DEVELOPMENT_ASSET_PATHS = "\"Oz/Preview Content\"";
				DEVELOPMENT_TEAM = "";
				"DEVELOPMENT_TEAM[sdk=macosx*]" = GKWM8Q6TMS;
				ENABLE_HARDENED_RUNTIME = YES;
				ENABLE_PREVIEWS = YES;
				GENERATE_INFOPLIST_FILE = YES;
				INFOPLIST_KEY_CFBundleDisplayName = Oz;
				INFOPLIST_KEY_LSApplicationCategoryType = "public.app-category.productivity";
				INFOPLIST_KEY_LSUIElement = NO;
				INFOPLIST_KEY_NSHumanReadableCopyright = "";
				LD_RUNPATH_SEARCH_PATHS = (
					"$(inherited)",
					"@executable_path/../Frameworks",
				);
				MARKETING_VERSION = 1.1.0;
				PRODUCT_BUNDLE_IDENTIFIER = com.PohangEgrets.AsyncC;
				PRODUCT_NAME = "$(TARGET_NAME)";
				PROVISIONING_PROFILE_SPECIFIER = "";
				"PROVISIONING_PROFILE_SPECIFIER[sdk=macosx*]" = "Sync Develop";
				SWIFT_EMIT_LOC_STRINGS = YES;
				SWIFT_VERSION = 5.0;
			};
			name = Release;
		};
		CC0F1A4A2CDA671F00562085 /* Debug */ = {
			isa = XCBuildConfiguration;
			buildSettings = {
				BUNDLE_LOADER = "$(TEST_HOST)";
				CODE_SIGN_STYLE = Automatic;
				CURRENT_PROJECT_VERSION = 1;
				DEVELOPMENT_TEAM = GKWM8Q6TMS;
				GENERATE_INFOPLIST_FILE = YES;
				MACOSX_DEPLOYMENT_TARGET = 15.0;
				MARKETING_VERSION = 1.0;
				PRODUCT_BUNDLE_IDENTIFIER = com.PohangEgrets.AsyncCTests;
				PRODUCT_NAME = "$(TARGET_NAME)";
				SWIFT_EMIT_LOC_STRINGS = NO;
				SWIFT_VERSION = 5.0;
				TEST_HOST = "$(BUILT_PRODUCTS_DIR)/Oz.app/$(BUNDLE_EXECUTABLE_FOLDER_PATH)/Oz";
			};
			name = Debug;
		};
		CC0F1A4B2CDA671F00562085 /* Release */ = {
			isa = XCBuildConfiguration;
			buildSettings = {
				BUNDLE_LOADER = "$(TEST_HOST)";
				CODE_SIGN_STYLE = Automatic;
				CURRENT_PROJECT_VERSION = 1;
				DEVELOPMENT_TEAM = GKWM8Q6TMS;
				GENERATE_INFOPLIST_FILE = YES;
				MACOSX_DEPLOYMENT_TARGET = 15.0;
				MARKETING_VERSION = 1.0;
				PRODUCT_BUNDLE_IDENTIFIER = com.PohangEgrets.AsyncCTests;
				PRODUCT_NAME = "$(TARGET_NAME)";
				SWIFT_EMIT_LOC_STRINGS = NO;
				SWIFT_VERSION = 5.0;
				TEST_HOST = "$(BUILT_PRODUCTS_DIR)/Oz.app/$(BUNDLE_EXECUTABLE_FOLDER_PATH)/Oz";
			};
			name = Release;
		};
		CC0F1A4D2CDA671F00562085 /* Debug */ = {
			isa = XCBuildConfiguration;
			buildSettings = {
				CODE_SIGN_STYLE = Automatic;
				CURRENT_PROJECT_VERSION = 1;
				DEVELOPMENT_TEAM = GKWM8Q6TMS;
				GENERATE_INFOPLIST_FILE = YES;
				MARKETING_VERSION = 1.0;
				PRODUCT_BUNDLE_IDENTIFIER = com.PohangEgrets.AsyncCUITests;
				PRODUCT_NAME = "$(TARGET_NAME)";
				SWIFT_EMIT_LOC_STRINGS = NO;
				SWIFT_VERSION = 5.0;
				TEST_TARGET_NAME = AsyncC;
			};
			name = Debug;
		};
		CC0F1A4E2CDA671F00562085 /* Release */ = {
			isa = XCBuildConfiguration;
			buildSettings = {
				CODE_SIGN_STYLE = Automatic;
				CURRENT_PROJECT_VERSION = 1;
				DEVELOPMENT_TEAM = GKWM8Q6TMS;
				GENERATE_INFOPLIST_FILE = YES;
				MARKETING_VERSION = 1.0;
				PRODUCT_BUNDLE_IDENTIFIER = com.PohangEgrets.AsyncCUITests;
				PRODUCT_NAME = "$(TARGET_NAME)";
				SWIFT_EMIT_LOC_STRINGS = NO;
				SWIFT_VERSION = 5.0;
				TEST_TARGET_NAME = AsyncC;
			};
			name = Release;
		};
/* End XCBuildConfiguration section */

/* Begin XCConfigurationList section */
		CC0F1A1C2CDA671E00562085 /* Build configuration list for PBXProject "Oz" */ = {
			isa = XCConfigurationList;
			buildConfigurations = (
				CC0F1A442CDA671F00562085 /* Debug */,
				CC0F1A452CDA671F00562085 /* Release */,
			);
			defaultConfigurationIsVisible = 0;
			defaultConfigurationName = Release;
		};
		CC0F1A462CDA671F00562085 /* Build configuration list for PBXNativeTarget "Oz" */ = {
			isa = XCConfigurationList;
			buildConfigurations = (
				CC0F1A472CDA671F00562085 /* Debug */,
				CC0F1A482CDA671F00562085 /* Release */,
			);
			defaultConfigurationIsVisible = 0;
			defaultConfigurationName = Release;
		};
		CC0F1A492CDA671F00562085 /* Build configuration list for PBXNativeTarget "OzTests" */ = {
			isa = XCConfigurationList;
			buildConfigurations = (
				CC0F1A4A2CDA671F00562085 /* Debug */,
				CC0F1A4B2CDA671F00562085 /* Release */,
			);
			defaultConfigurationIsVisible = 0;
			defaultConfigurationName = Release;
		};
		CC0F1A4C2CDA671F00562085 /* Build configuration list for PBXNativeTarget "OzUITests" */ = {
			isa = XCConfigurationList;
			buildConfigurations = (
				CC0F1A4D2CDA671F00562085 /* Debug */,
				CC0F1A4E2CDA671F00562085 /* Release */,
			);
			defaultConfigurationIsVisible = 0;
			defaultConfigurationName = Release;
		};
/* End XCConfigurationList section */

/* Begin XCRemoteSwiftPackageReference section */
		6B8F68242CDB08220036B936 /* XCRemoteSwiftPackageReference "firebase-ios-sdk" */ = {
			isa = XCRemoteSwiftPackageReference;
			repositoryURL = "https://github.com/firebase/firebase-ios-sdk";
			requirement = {
				kind = upToNextMajorVersion;
				minimumVersion = 11.4.0;
			};
		};
/* End XCRemoteSwiftPackageReference section */

/* Begin XCSwiftPackageProductDependency section */
		6B8F68252CDB08220036B936 /* FirebaseCore */ = {
			isa = XCSwiftPackageProductDependency;
			package = 6B8F68242CDB08220036B936 /* XCRemoteSwiftPackageReference "firebase-ios-sdk" */;
			productName = FirebaseCore;
		};
		6B8F68272CDB08220036B936 /* FirebaseDatabase */ = {
			isa = XCSwiftPackageProductDependency;
			package = 6B8F68242CDB08220036B936 /* XCRemoteSwiftPackageReference "firebase-ios-sdk" */;
			productName = FirebaseDatabase;
		};
		6B8F68292CDB08220036B936 /* FirebaseFirestore */ = {
			isa = XCSwiftPackageProductDependency;
			package = 6B8F68242CDB08220036B936 /* XCRemoteSwiftPackageReference "firebase-ios-sdk" */;
			productName = FirebaseFirestore;
		};
		6B8F682B2CDB08220036B936 /* FirebaseFirestoreCombine-Community */ = {
			isa = XCSwiftPackageProductDependency;
			package = 6B8F68242CDB08220036B936 /* XCRemoteSwiftPackageReference "firebase-ios-sdk" */;
			productName = "FirebaseFirestoreCombine-Community";
		};
		6B8F682D2CDB08220036B936 /* FirebaseStorage */ = {
			isa = XCSwiftPackageProductDependency;
			package = 6B8F68242CDB08220036B936 /* XCRemoteSwiftPackageReference "firebase-ios-sdk" */;
			productName = FirebaseStorage;
		};
		6B8F682F2CDB08220036B936 /* FirebaseStorageCombine-Community */ = {
			isa = XCSwiftPackageProductDependency;
			package = 6B8F68242CDB08220036B936 /* XCRemoteSwiftPackageReference "firebase-ios-sdk" */;
			productName = "FirebaseStorageCombine-Community";
		};
		CCACF0C12CF468F400AE5BC1 /* FirebaseAuth */ = {
			isa = XCSwiftPackageProductDependency;
			package = 6B8F68242CDB08220036B936 /* XCRemoteSwiftPackageReference "firebase-ios-sdk" */;
			productName = FirebaseAuth;
		};
/* End XCSwiftPackageProductDependency section */
	};
	rootObject = CC0F1A192CDA671E00562085 /* Project object */;
}
