// !$*UTF8*$!
{
	archiveVersion = 1;
	classes = {
	};
	objectVersion = 56;
	objects = {

/* Begin PBXBuildFile section */
		AA000001000000000000001A /* main.swift in Sources */ = {isa = PBXBuildFile; fileRef = AA000001000000000000001B /* main.swift */; };
/* End PBXBuildFile section */

/* Begin PBXFileReference section */
		AA000001000000000000001B /* main.swift */ = {isa = PBXFileReference; lastKnownFileType = sourcecode.swift; path = main.swift; sourceTree = "<group>"; };
		AA000001000000000000001C /* AllSources.app */ = {isa = PBXFileReference; explicitFileType = wrapper.application; includeInIndex = 0; path = AllSources.app; sourceTree = BUILT_PRODUCTS_DIR; };
/* End PBXFileReference section */

/* Begin PBXGroup section */
		AA000001000000000000001D = {
			isa = PBXGroup;
			children = (
				AA000001000000000000001B /* main.swift */,
				AA000001000000000000001C /* AllSources.app */,
			);
			sourceTree = "<group>";
		};
/* End PBXGroup section */

/* Begin PBXNativeTarget section */
		AA000001000000000000001E /* AllSources */ = {
			isa = PBXNativeTarget;
			buildConfigurationList = AA00000100000000000000CC /* Build configuration list for PBXNativeTarget "AllSources" */;
			buildPhases = (
				AA000001000000000000002A /* Sources */,
			);
			buildRules = (
			);
			dependencies = (
			);
			name = AllSources;
			productName = AllSources;
			productReference = AA000001000000000000001C /* AllSources.app */;
			productType = "com.apple.product-type.application";
		};
/* End PBXNativeTarget section */

/* Begin PBXProject section */
		AA00000100000000000000FF /* Project object */ = {
			isa = PBXProject;
			attributes = {
				BuildIndependentTargetsInParallel = 1;
				LastSwiftUpdateCheck = 1500;
				LastUpgradeCheck = 1500;
				ORGANIZATIONNAME = "Test Org";
				TargetAttributes = {
					AA000001000000000000001E = {
						CreatedOnToolsVersion = 15.0;
					};
				};
			};
			buildConfigurationList = AA00000100000000000000BB /* Build configuration list for PBXProject "AllSources" */;
			compatibilityVersion = "Xcode 15.0";
			developmentRegion = en;
			hasScannedForEncodings = 0;
			knownRegions = (
				en,
			);
			mainGroup = AA000001000000000000001D;
			productRefGroup = AA000001000000000000001D;
			projectDirPath = "";
			projectRoot = "";
			targets = (
				AA000001000000000000001E /* AllSources */,
			);
		};
/* End PBXProject section */

/* Begin PBXSourcesBuildPhase section */
		AA000001000000000000002A /* Sources */ = {
			isa = PBXSourcesBuildPhase;
			buildActionMask = 2147483647;
			files = (
				AA000001000000000000001A /* main.swift in Sources */,
			);
			runOnlyForDeploymentPostprocessing = 0;
		};
/* End PBXSourcesBuildPhase section */

/* Begin XCBuildConfiguration section */
		AA00000100000000000000D1 /* Debug */ = {
			isa = XCBuildConfiguration;
			buildSettings = {
				ALWAYS_SEARCH_USER_PATHS = NO;
				SWIFT_VERSION = 5.0;
				GCC_C_LANGUAGE_STANDARD = gnu17;
			};
			name = Debug;
		};
		AA00000100000000000000D2 /* Release */ = {
			isa = XCBuildConfiguration;
			buildSettings = {
				ALWAYS_SEARCH_USER_PATHS = NO;
				SWIFT_VERSION = 5.0;
				GCC_C_LANGUAGE_STANDARD = gnu17;
			};
			name = Release;
		};
		AA00000100000000000000D3 /* Debug */ = {
			isa = XCBuildConfiguration;
			buildSettings = {
				ASSETCATALOG_COMPILER_APPICON_NAME = AppIcon;
				INFOPLIST_KEY_CFBundleDisplayName = "All Sources App";
				INFOPLIST_KEY_NSHumanReadableCopyright = "Copyright © 2024 Test Author";
				IPHONEOS_DEPLOYMENT_TARGET = 16.0;
				MARKETING_VERSION = 1.0.0;
				PRODUCT_BUNDLE_IDENTIFIER = "com.example.all-sources";
				PRODUCT_NAME = "$(TARGET_NAME)";
				SWIFT_VERSION = 5.0;
			};
			name = Debug;
		};
		AA00000100000000000000D4 /* Release */ = {
			isa = XCBuildConfiguration;
			buildSettings = {
				ASSETCATALOG_COMPILER_APPICON_NAME = AppIcon;
				INFOPLIST_KEY_CFBundleDisplayName = "All Sources App";
				INFOPLIST_KEY_NSHumanReadableCopyright = "Copyright © 2024 Test Author";
				IPHONEOS_DEPLOYMENT_TARGET = 16.0;
				MARKETING_VERSION = 1.0.0;
				PRODUCT_BUNDLE_IDENTIFIER = "com.example.all-sources";
				PRODUCT_NAME = "$(TARGET_NAME)";
				SWIFT_VERSION = 5.0;
			};
			name = Release;
		};
/* End XCBuildConfiguration section */

/* Begin XCConfigurationList section */
		AA00000100000000000000BB /* Build configuration list for PBXProject "AllSources" */ = {
			isa = XCConfigurationList;
			buildConfigurations = (
				AA00000100000000000000D1 /* Debug */,
				AA00000100000000000000D2 /* Release */,
			);
			defaultConfigurationIsVisible = 0;
			defaultConfigurationName = Release;
		};
		AA00000100000000000000CC /* Build configuration list for PBXNativeTarget "AllSources" */ = {
			isa = XCConfigurationList;
			buildConfigurations = (
				AA00000100000000000000D3 /* Debug */,
				AA00000100000000000000D4 /* Release */,
			);
			defaultConfigurationIsVisible = 0;
			defaultConfigurationName = Release;
		};
/* End XCConfigurationList section */

/* Begin XCRemoteSwiftPackageReference section */
		AA00000100000000000000E1 /* XCRemoteSwiftPackageReference "swift-argument-parser" */ = {
			isa = XCRemoteSwiftPackageReference;
			repositoryURL = "https://github.com/apple/swift-argument-parser.git";
			requirement = {
				kind = upToNextMajorVersion;
				minimumVersion = 1.0.0;
			};
		};
/* End XCRemoteSwiftPackageReference section */

	};
	rootObject = AA00000100000000000000FF /* Project object */;
}
